
Microsoft Visual Studio Solution File, Format Version 12.00
# Visual Studio Version 17
VisualStudioVersion = 17.8.34601.278
MinimumVisualStudioVersion = 10.0.40219.1
Project("{FAE04EC0-301F-11D3-BF4B-00C04F79EFBC}") = "MyApiLocalidades", "MyApiLocalidades.csproj", "{DC4A6DF3-218A-4A08-B30B-3C83B462FBDC}"
EndProject
Global
	GlobalSection(SolutionConfigurationPlatforms) = preSolution
		Debug|Any CPU = Debug|Any CPU
		Release|Any CPU = Release|Any CPU
	EndGlobalSection
	GlobalSection(ProjectConfigurationPlatforms) = postSolution
		{DC4A6DF3-218A-4A08-B30B-3C83B462FBDC}.Debug|Any CPU.ActiveCfg = Debug|Any CPU
		{DC4A6DF3-218A-4A08-B30B-3C83B462FBDC}.Debug|Any CPU.Build.0 = Debug|Any CPU
		{DC4A6DF3-218A-4A08-B30B-3C83B462FBDC}.Release|Any CPU.ActiveCfg = Release|Any CPU
		{DC4A6DF3-218A-4A08-B30B-3C83B462FBDC}.Release|Any CPU.Build.0 = Release|Any CPU
	EndGlobalSection
	GlobalSection(SolutionProperties) = preSolution
		HideSolutionNode = FALSE
	EndGlobalSection
	GlobalSection(ExtensibilityGlobals) = postSolution
		SolutionGuid = {4AAA6A2F-B0C2-4610-A1D5-206BDD1B428D}
	EndGlobalSection
EndGlobal
